
Microsoft Visual Studio Solution File, Format Version 12.00
# Visual Studio Version 17
VisualStudioVersion = 17.3.32825.248
MinimumVisualStudioVersion = 10.0.40219.1
Project("{FAE04EC0-301F-11D3-BF4B-00C04F79EFBC}") = "RP-kitchen", "RP-kitchen\RP-kitchen.csproj", "{0A95628C-41D2-4D94-BB70-B70D6DD68EBB}"
EndProject
Global
	GlobalSection(SolutionConfigurationPlatforms) = preSolution
		Debug|Any CPU = Debug|Any CPU
		Release|Any CPU = Release|Any CPU
	EndGlobalSection
	GlobalSection(ProjectConfigurationPlatforms) = postSolution
		{0A95628C-41D2-4D94-BB70-B70D6DD68EBB}.Debug|Any CPU.ActiveCfg = Debug|Any CPU
		{0A95628C-41D2-4D94-BB70-B70D6DD68EBB}.Debug|Any CPU.Build.0 = Debug|Any CPU
		{0A95628C-41D2-4D94-BB70-B70D6DD68EBB}.Release|Any CPU.ActiveCfg = Release|Any CPU
		{0A95628C-41D2-4D94-BB70-B70D6DD68EBB}.Release|Any CPU.Build.0 = Release|Any CPU
	EndGlobalSection
	GlobalSection(SolutionProperties) = preSolution
		HideSolutionNode = FALSE
	EndGlobalSection
	GlobalSection(ExtensibilityGlobals) = postSolution
		SolutionGuid = {66DF39DF-4A28-49AD-BFBF-3C1476968033}
	EndGlobalSection
EndGlobal
